NeoBundleLock ag.vim d3a00f8affb091e7a14eb34f1beb9db9bb57a4bf
NeoBundleLock csv.vim 43d633f8860521b89d1b4b107b3b824dcf4feb86
NeoBundleLock vim-projectile ef252eb227928df6f63590f21584a46c08792021
NeoBundleLock vim-ragtag 12e379989e3258af0934e10173386235c7d69944
NeoBundleLock vim-surround fa433e0b7330753688f715f3be5d10dc480f20e5
NeoBundleLock vim-dispatch 78ed0c065ee65c8368f1f10566b96cd890c14358
NeoBundleLock taglist.vim 53041fbc45398a9af631a20657e109707a455339
NeoBundleLock vim-jsx e7784d17bd8d7e53e9541a3f5bd8cb1b2bc46c13
NeoBundleLock vim-haml 204e32721154766e03e99ff857bc798aa5b741dc
NeoBundleLock vim-bundler 48abb774c72732a75f8ab05ee7493b1041dd8ae8
NeoBundleLock vim-tmux-navigator d25c7ebb65a0ca3058d075158ce1b6605c954c82
NeoBundleLock vim-jdaddy 2e5be5fa5ce5b0f29f0d7cd14631bd2a197bedd2
NeoBundleLock nerdcommenter 6549cfde45339bd4f711504196ff3e8b766ef5e6
NeoBundleLock vim-easymotion 55de0be306844ba8ad63c6e910e9c8f8234a209e
NeoBundleLock numbers.vim c7e04485568687ff1c6f4ff842ee80ec9c68d58a
NeoBundleLock tabular 60f25648814f0695eeb6c1040d97adca93c4e0bb
NeoBundleLock JavaScript-Indent 8e9aa08189d420d9384f38a11ea89a0bff846e6d
NeoBundleLock vim-fugitive 2c8461db084d205903a792a23163faa546f143c9
NeoBundleLock nerdtree 3b98a7fcae8f9fff356907171f0406ff8cd28921
NeoBundleLock neocomplete.vim 269edeff216db85f1afbcd47f13334490e518357
NeoBundleLock vim-rails f7d264fc27b3dfcbc54f8b16f3ae6aea4f92ee4c
NeoBundleLock vim-rbenv 79a33164cade37f922cc1e2a16eaca3533aa0274
NeoBundleLock vim-rake 13533d90cfcc735cf4e187eb0c223289ed2dbb1c
NeoBundleLock delimitMate fe1983cfa1cf0924ac9b2b8576255daffd36afbf
NeoBundleLock vim-javascript-syntax 386c24a265ebb7bc3891e5f698ca1c7d64486e7d
NeoBundleLock vim-orgmode fa97c17ae7dbe49a629e9ff65fee2e4b760bd13e
NeoBundleLock tmuxline.vim 1e638ef6b2673130db123f25b1ae1160c5289bb8
NeoBundleLock vim-airline 4a2208821e1d334c4d3cdf66cd1fd0968755e16a
NeoBundleLock unite.vim 22e1307fb6664192d3a6f526291282b8368438ed
NeoBundleLock vim-gitgutter 57342e33a5b38cf3c15f4286f3c6cf166caef09a
NeoBundleLock vim-sensible b30dcf387af977acfa21732592bfca05598b2188
NeoBundleLock vim-vertical-move d8fe4576d77c348734144f8bf2368be7c2453d6b
NeoBundleLock vim-sleuth 6b0c9d61e246cb3a046202de0a016451c0dc1ede
NeoBundleLock vim-speeddating 23213428c4071f1ea7ffb7332a70c7b5f9324a3e
NeoBundleLock vim-endwise 96eb11755bb2d1a5583d44e9bcd10481bca45693
NeoBundleLock vim-repeat 2a3c5f8e3c26a57b8eb4cfc4be79615a1c508ef6
NeoBundleLock vim-vinegar ac893960c324d879b6923a4c1abaea352d8caeb5
NeoBundleLock neobundle.vim a4c2ce81f007144e34a7064325d55b94beb04f0d
NeoBundleLock vim-eunuch 8c996336ceecbfb7290c7c9b409195f190866548
NeoBundleLock vim-markdown 409c37b205afa2f9d590e23de8171482d66770e2
NeoBundleLock vim-tbone 891887b881bc818a1f8bd33904ac48e1dd471d6a
NeoBundleLock tern_for_vim c677b663adc1e34f4419c70f278dc78d017e673b
NeoBundleLock vimproc.vim 707fc62db79afde8d99a5dea543b829286ef26a2
NeoBundleLock tagbar e777dbb9723399045e4e69e86592e33da1b14758
NeoBundleLock syntastic 67ffe58818930e95163ead541a2700cec41c13f7
NeoBundleLock vim-rsi ec39927fcbb53a77e628b2d138e0a43caa945a3b
NeoBundleLock vim-run-interactive 060a9fcb69f1da0824fcfe6d4055597abad8fc2e
NeoBundleLock javascript-libraries-syntax.vim a5e1487a481248d3aaa58ebcdbc830034b777268
NeoBundleLock vim-colors-solarized 528a59f26d12278698bb946f8fb82a63711eec21
NeoBundleLock vim-unimpaired 3548479cc154154cbdbb6737ca08a47937cc7113
NeoBundleLock vim-ruby 243d021449115235505350764bff00859ce4224f
NeoBundleLock neomru.vim 7df9999b841228661ff73909c5b9e34952331e22
NeoBundleLock dash.vim 9f14d09f621714d2af987be077fb547cfa9512a3
NeoBundleLock unite-outline 962aaa61d5585634c15c3a7071df7c6a12c5e3cd
