NeoBundleLock ag.vim d3a00f8affb091e7a14eb34f1beb9db9bb57a4bf
NeoBundleLock syntastic 64cce208388c10debd5b150de08d9be371bd0e86
NeoBundleLock vim-projectile c5fda439ed12a0850b2fcc8b1fcb543d254e495b
NeoBundleLock vim-cucumber 8f4826012771e6ce7871923bed1bbb68834c8dfc
NeoBundleLock vim-surround fa433e0b7330753688f715f3be5d10dc480f20e5
NeoBundleLock vim-dispatch 71499a6438a65d9aa6224a2388165321831ae2d8
NeoBundleLock vim-jsx d6bb935a84d73edc8373d4c74807db29248e4dc9
NeoBundleLock vim-haml 204e32721154766e03e99ff857bc798aa5b741dc
NeoBundleLock vim-bundler 48abb774c72732a75f8ab05ee7493b1041dd8ae8
NeoBundleLock vim-tmux-navigator 57b289fda5be654891a968298fde174e0c4e33c7
NeoBundleLock vim-jdaddy 2e5be5fa5ce5b0f29f0d7cd14631bd2a197bedd2
NeoBundleLock vim-ragtag 12e379989e3258af0934e10173386235c7d69944
NeoBundleLock vim-easymotion 868cd71710a48e8ec8acffeabd1eebfb10812c77
NeoBundleLock numbers.vim c7e04485568687ff1c6f4ff842ee80ec9c68d58a
NeoBundleLock tabular 60f25648814f0695eeb6c1040d97adca93c4e0bb
NeoBundleLock JavaScript-Indent 8e9aa08189d420d9384f38a11ea89a0bff846e6d
NeoBundleLock vim-fugitive 0374322ba5d85ae44dd9dc44ef31ca015a59097e
NeoBundleLock nerdcommenter 6549cfde45339bd4f711504196ff3e8b766ef5e6
NeoBundleLock nerdtree f8fd2ecce20f5005e6313ce57d6d2a209890c946
NeoBundleLock vim-argumentative 416fa41c185cdfc5f60435e08b79fb33de788ea3
NeoBundleLock vim-rails 075a0100b88489215aaeb4280143ce8a5e8ebc7b
NeoBundleLock vimproc.vim 3e055023dfab4f5a4dfa05a834f9d0cb7294a82e
NeoBundleLock vim-rake 13533d90cfcc735cf4e187eb0c223289ed2dbb1c
NeoBundleLock delimitMate 38487bbec8ba50834e257940b357de03991fa8f9
NeoBundleLock vim-javascript-syntax c4b467d1d8c1883f317fb32d22fdd739a10a4579
NeoBundleLock tmuxline.vim bb128cb144a2c9be0a48df205837bd3a406055b0
NeoBundleLock vim-airline 246c217562dfd8541ee0d64600a628daa4195dd2
NeoBundleLock unite.vim bdf83bc2973c146ee24a94943aa490a6e9d1c5eb
NeoBundleLock vim-gitgutter 39f011909620e0c7ae555efdace20c3963ac88af
NeoBundleLock vim-sensible 64aa12b07b0be90a8e98bc7be1b5faac4ac873a4
NeoBundleLock vim-vertical-move d8fe4576d77c348734144f8bf2368be7c2453d6b
NeoBundleLock vim-sleuth 6b0c9d61e246cb3a046202de0a016451c0dc1ede
NeoBundleLock vim-endwise 96eb11755bb2d1a5583d44e9bcd10481bca45693
NeoBundleLock vim-repeat 2a3c5f8e3c26a57b8eb4cfc4be79615a1c508ef6
NeoBundleLock vim-vinegar ac893960c324d879b6923a4c1abaea352d8caeb5
NeoBundleLock neobundle.vim 4a3bb7fb323b62f571c22ff15139fe996dc60ac8
NeoBundleLock YouCompleteMe def392d24c7b4b34c0e8b95c400c9be94176b928
NeoBundleLock vim-eunuch c856e5d649b9f87590aff66a84b930fce5793431
NeoBundleLock vim-markdown 409c37b205afa2f9d590e23de8171482d66770e2
NeoBundleLock vim-tbone 891887b881bc818a1f8bd33904ac48e1dd471d6a
NeoBundleLock tern_for_vim c677b663adc1e34f4419c70f278dc78d017e673b
NeoBundleLock vim-rbenv 79a33164cade37f922cc1e2a16eaca3533aa0274
NeoBundleLock ctrlp.vim b5d3fe66a58a13d2ff8b6391f4387608496a030f
NeoBundleLock csv.vim 68732869b50c2e537cb7e2652efdb245c859fdcb
NeoBundleLock vim-rsi ec39927fcbb53a77e628b2d138e0a43caa945a3b
NeoBundleLock javascript-libraries-syntax.vim 15f55a81a27be76addd65ba4948d80aa721a5f05
NeoBundleLock vim-colors-solarized 528a59f26d12278698bb946f8fb82a63711eec21
NeoBundleLock vim-unimpaired 3548479cc154154cbdbb6737ca08a47937cc7113
NeoBundleLock vim-ruby 5e429a504f016c86a8989be2554239d175e366e9
